
Microsoft Visual Studio Solution File, Format Version 12.00
# Visual Studio Version 17
VisualStudioVersion = 17.5.2.0
MinimumVisualStudioVersion = 10.0.40219.1
Project("{2150E333-8FDC-42A3-9474-1A3956D46DE8}") = "2025", "2025", "{C6DF1451-56B5-EAD0-27C3-671E9BD5E906}"
EndProject
Project("{FAE04EC0-301F-11D3-BF4B-00C04F79EFBC}") = "Day01", "2025\Day01\Day01.csproj", "{EAD64E56-FEA2-5A78-EBAF-0AAB6421964B}"
EndProject
Project("{FAE04EC0-301F-11D3-BF4B-00C04F79EFBC}") = "Day02", "2025\Day02\Day02.csproj", "{34562C95-C893-4C67-A135-F96B1F440BDC}"
EndProject
Project("{FAE04EC0-301F-11D3-BF4B-00C04F79EFBC}") = "Day03", "2025\Day03\Day03.csproj", "{B9D9655F-6CE4-41AB-8863-D61C3D741967}"
EndProject
Project("{FAE04EC0-301F-11D3-BF4B-00C04F79EFBC}") = "Day04", "2025\Day04\Day04.csproj", "{36373395-A598-4910-875E-ADB77FC000E7}"
EndProject
Project("{FAE04EC0-301F-11D3-BF4B-00C04F79EFBC}") = "Day05", "2025\Day05\Day05.csproj", "{51E8B5BC-86A5-4934-83B1-4DFDD396420F}"
EndProject
Project("{FAE04EC0-301F-11D3-BF4B-00C04F79EFBC}") = "Day06", "2025\Day06\Day06.csproj", "{441A15BC-4269-4A0F-80FF-641668A983D5}"
EndProject
Global
	GlobalSection(SolutionConfigurationPlatforms) = preSolution
		Debug|Any CPU = Debug|Any CPU
		Debug|x64 = Debug|x64
		Debug|x86 = Debug|x86
		Release|Any CPU = Release|Any CPU
		Release|x64 = Release|x64
		Release|x86 = Release|x86
	EndGlobalSection
	GlobalSection(ProjectConfigurationPlatforms) = postSolution
		{EAD64E56-FEA2-5A78-EBAF-0AAB6421964B}.Debug|Any CPU.ActiveCfg = Debug|Any CPU
		{EAD64E56-FEA2-5A78-EBAF-0AAB6421964B}.Debug|Any CPU.Build.0 = Debug|Any CPU
		{EAD64E56-FEA2-5A78-EBAF-0AAB6421964B}.Debug|x64.ActiveCfg = Debug|Any CPU
		{EAD64E56-FEA2-5A78-EBAF-0AAB6421964B}.Debug|x64.Build.0 = Debug|Any CPU
		{EAD64E56-FEA2-5A78-EBAF-0AAB6421964B}.Debug|x86.ActiveCfg = Debug|Any CPU
		{EAD64E56-FEA2-5A78-EBAF-0AAB6421964B}.Debug|x86.Build.0 = Debug|Any CPU
		{EAD64E56-FEA2-5A78-EBAF-0AAB6421964B}.Release|Any CPU.ActiveCfg = Release|Any CPU
		{EAD64E56-FEA2-5A78-EBAF-0AAB6421964B}.Release|Any CPU.Build.0 = Release|Any CPU
		{EAD64E56-FEA2-5A78-EBAF-0AAB6421964B}.Release|x64.ActiveCfg = Release|Any CPU
		{EAD64E56-FEA2-5A78-EBAF-0AAB6421964B}.Release|x64.Build.0 = Release|Any CPU
		{EAD64E56-FEA2-5A78-EBAF-0AAB6421964B}.Release|x86.ActiveCfg = Release|Any CPU
		{EAD64E56-FEA2-5A78-EBAF-0AAB6421964B}.Release|x86.Build.0 = Release|Any CPU
		{34562C95-C893-4C67-A135-F96B1F440BDC}.Debug|Any CPU.ActiveCfg = Debug|Any CPU
		{34562C95-C893-4C67-A135-F96B1F440BDC}.Debug|Any CPU.Build.0 = Debug|Any CPU
		{34562C95-C893-4C67-A135-F96B1F440BDC}.Debug|x64.ActiveCfg = Debug|Any CPU
		{34562C95-C893-4C67-A135-F96B1F440BDC}.Debug|x64.Build.0 = Debug|Any CPU
		{34562C95-C893-4C67-A135-F96B1F440BDC}.Debug|x86.ActiveCfg = Debug|Any CPU
		{34562C95-C893-4C67-A135-F96B1F440BDC}.Debug|x86.Build.0 = Debug|Any CPU
		{34562C95-C893-4C67-A135-F96B1F440BDC}.Release|Any CPU.ActiveCfg = Release|Any CPU
		{34562C95-C893-4C67-A135-F96B1F440BDC}.Release|Any CPU.Build.0 = Release|Any CPU
		{34562C95-C893-4C67-A135-F96B1F440BDC}.Release|x64.ActiveCfg = Release|Any CPU
		{34562C95-C893-4C67-A135-F96B1F440BDC}.Release|x64.Build.0 = Release|Any CPU
		{34562C95-C893-4C67-A135-F96B1F440BDC}.Release|x86.ActiveCfg = Release|Any CPU
		{34562C95-C893-4C67-A135-F96B1F440BDC}.Release|x86.Build.0 = Release|Any CPU
		{B9D9655F-6CE4-41AB-8863-D61C3D741967}.Debug|Any CPU.ActiveCfg = Debug|Any CPU
		{B9D9655F-6CE4-41AB-8863-D61C3D741967}.Debug|Any CPU.Build.0 = Debug|Any CPU
		{B9D9655F-6CE4-41AB-8863-D61C3D741967}.Debug|x64.ActiveCfg = Debug|Any CPU
		{B9D9655F-6CE4-41AB-8863-D61C3D741967}.Debug|x64.Build.0 = Debug|Any CPU
		{B9D9655F-6CE4-41AB-8863-D61C3D741967}.Debug|x86.ActiveCfg = Debug|Any CPU
		{B9D9655F-6CE4-41AB-8863-D61C3D741967}.Debug|x86.Build.0 = Debug|Any CPU
		{B9D9655F-6CE4-41AB-8863-D61C3D741967}.Release|Any CPU.ActiveCfg = Release|Any CPU
		{B9D9655F-6CE4-41AB-8863-D61C3D741967}.Release|Any CPU.Build.0 = Release|Any CPU
		{B9D9655F-6CE4-41AB-8863-D61C3D741967}.Release|x64.ActiveCfg = Release|Any CPU
		{B9D9655F-6CE4-41AB-8863-D61C3D741967}.Release|x64.Build.0 = Release|Any CPU
		{B9D9655F-6CE4-41AB-8863-D61C3D741967}.Release|x86.ActiveCfg = Release|Any CPU
		{B9D9655F-6CE4-41AB-8863-D61C3D741967}.Release|x86.Build.0 = Release|Any CPU
		{36373395-A598-4910-875E-ADB77FC000E7}.Debug|Any CPU.ActiveCfg = Debug|Any CPU
		{36373395-A598-4910-875E-ADB77FC000E7}.Debug|Any CPU.Build.0 = Debug|Any CPU
		{36373395-A598-4910-875E-ADB77FC000E7}.Debug|x64.ActiveCfg = Debug|Any CPU
		{36373395-A598-4910-875E-ADB77FC000E7}.Debug|x64.Build.0 = Debug|Any CPU
		{36373395-A598-4910-875E-ADB77FC000E7}.Debug|x86.ActiveCfg = Debug|Any CPU
		{36373395-A598-4910-875E-ADB77FC000E7}.Debug|x86.Build.0 = Debug|Any CPU
		{36373395-A598-4910-875E-ADB77FC000E7}.Release|Any CPU.ActiveCfg = Release|Any CPU
		{36373395-A598-4910-875E-ADB77FC000E7}.Release|Any CPU.Build.0 = Release|Any CPU
		{36373395-A598-4910-875E-ADB77FC000E7}.Release|x64.ActiveCfg = Release|Any CPU
		{36373395-A598-4910-875E-ADB77FC000E7}.Release|x64.Build.0 = Release|Any CPU
		{36373395-A598-4910-875E-ADB77FC000E7}.Release|x86.ActiveCfg = Release|Any CPU
		{36373395-A598-4910-875E-ADB77FC000E7}.Release|x86.Build.0 = Release|Any CPU
		{51E8B5BC-86A5-4934-83B1-4DFDD396420F}.Debug|Any CPU.ActiveCfg = Debug|Any CPU
		{51E8B5BC-86A5-4934-83B1-4DFDD396420F}.Debug|Any CPU.Build.0 = Debug|Any CPU
		{51E8B5BC-86A5-4934-83B1-4DFDD396420F}.Debug|x64.ActiveCfg = Debug|Any CPU
		{51E8B5BC-86A5-4934-83B1-4DFDD396420F}.Debug|x64.Build.0 = Debug|Any CPU
		{51E8B5BC-86A5-4934-83B1-4DFDD396420F}.Debug|x86.ActiveCfg = Debug|Any CPU
		{51E8B5BC-86A5-4934-83B1-4DFDD396420F}.Debug|x86.Build.0 = Debug|Any CPU
		{51E8B5BC-86A5-4934-83B1-4DFDD396420F}.Release|Any CPU.ActiveCfg = Release|Any CPU
		{51E8B5BC-86A5-4934-83B1-4DFDD396420F}.Release|Any CPU.Build.0 = Release|Any CPU
		{51E8B5BC-86A5-4934-83B1-4DFDD396420F}.Release|x64.ActiveCfg = Release|Any CPU
		{51E8B5BC-86A5-4934-83B1-4DFDD396420F}.Release|x64.Build.0 = Release|Any CPU
		{51E8B5BC-86A5-4934-83B1-4DFDD396420F}.Release|x86.ActiveCfg = Release|Any CPU
		{51E8B5BC-86A5-4934-83B1-4DFDD396420F}.Release|x86.Build.0 = Release|Any CPU
		{441A15BC-4269-4A0F-80FF-641668A983D5}.Debug|Any CPU.ActiveCfg = Debug|Any CPU
		{441A15BC-4269-4A0F-80FF-641668A983D5}.Debug|Any CPU.Build.0 = Debug|Any CPU
		{441A15BC-4269-4A0F-80FF-641668A983D5}.Debug|x64.ActiveCfg = Debug|Any CPU
		{441A15BC-4269-4A0F-80FF-641668A983D5}.Debug|x64.Build.0 = Debug|Any CPU
		{441A15BC-4269-4A0F-80FF-641668A983D5}.Debug|x86.ActiveCfg = Debug|Any CPU
		{441A15BC-4269-4A0F-80FF-641668A983D5}.Debug|x86.Build.0 = Debug|Any CPU
		{441A15BC-4269-4A0F-80FF-641668A983D5}.Release|Any CPU.ActiveCfg = Release|Any CPU
		{441A15BC-4269-4A0F-80FF-641668A983D5}.Release|Any CPU.Build.0 = Release|Any CPU
		{441A15BC-4269-4A0F-80FF-641668A983D5}.Release|x64.ActiveCfg = Release|Any CPU
		{441A15BC-4269-4A0F-80FF-641668A983D5}.Release|x64.Build.0 = Release|Any CPU
		{441A15BC-4269-4A0F-80FF-641668A983D5}.Release|x86.ActiveCfg = Release|Any CPU
		{441A15BC-4269-4A0F-80FF-641668A983D5}.Release|x86.Build.0 = Release|Any CPU
	EndGlobalSection
	GlobalSection(SolutionProperties) = preSolution
		HideSolutionNode = FALSE
	EndGlobalSection
	GlobalSection(NestedProjects) = preSolution
		{EAD64E56-FEA2-5A78-EBAF-0AAB6421964B} = {C6DF1451-56B5-EAD0-27C3-671E9BD5E906}
		{34562C95-C893-4C67-A135-F96B1F440BDC} = {C6DF1451-56B5-EAD0-27C3-671E9BD5E906}
		{B9D9655F-6CE4-41AB-8863-D61C3D741967} = {C6DF1451-56B5-EAD0-27C3-671E9BD5E906}
		{36373395-A598-4910-875E-ADB77FC000E7} = {C6DF1451-56B5-EAD0-27C3-671E9BD5E906}
		{51E8B5BC-86A5-4934-83B1-4DFDD396420F} = {C6DF1451-56B5-EAD0-27C3-671E9BD5E906}
		{441A15BC-4269-4A0F-80FF-641668A983D5} = {C6DF1451-56B5-EAD0-27C3-671E9BD5E906}
	EndGlobalSection
	GlobalSection(ExtensibilityGlobals) = postSolution
		SolutionGuid = {1F717F42-283F-482D-BC3D-3856F57CDF69}
	EndGlobalSection
EndGlobal
